
Microsoft Visual Studio Solution File, Format Version 12.00
# Visual Studio Version 16
VisualStudioVersion = 16.0.31729.503
MinimumVisualStudioVersion = 10.0.40219.1
Project("{FAE04EC0-301F-11D3-BF4B-00C04F79EFBC}") = "ValueReferenceType", "ValueReferenceType\ValueReferenceType.csproj", "{551E80E9-C199-4BFE-870B-666E533DAAA8}"
EndProject
Global
	GlobalSection(SolutionConfigurationPlatforms) = preSolution
		Debug|Any CPU = Debug|Any CPU
		Release|Any CPU = Release|Any CPU
	EndGlobalSection
	GlobalSection(ProjectConfigurationPlatforms) = postSolution
		{551E80E9-C199-4BFE-870B-666E533DAAA8}.Debug|Any CPU.ActiveCfg = Debug|Any CPU
		{551E80E9-C199-4BFE-870B-666E533DAAA8}.Debug|Any CPU.Build.0 = Debug|Any CPU
		{551E80E9-C199-4BFE-870B-666E533DAAA8}.Release|Any CPU.ActiveCfg = Release|Any CPU
		{551E80E9-C199-4BFE-870B-666E533DAAA8}.Release|Any CPU.Build.0 = Release|Any CPU
	EndGlobalSection
	GlobalSection(SolutionProperties) = preSolution
		HideSolutionNode = FALSE
	EndGlobalSection
	GlobalSection(ExtensibilityGlobals) = postSolution
		SolutionGuid = {D8128F72-D7A6-4917-A467-29C42C9DBF79}
	EndGlobalSection
EndGlobal
